
Microsoft Visual Studio Solution File, Format Version 12.00
# Visual Studio 14
VisualStudioVersion = 14.0.25420.1
MinimumVisualStudioVersion = 10.0.40219.1
Project("{FAE04EC0-301F-11D3-BF4B-00C04F79EFBC}") = "EventsTest", "EventTest\EventsTest.csproj", "{40DF4A3F-3019-415E-9F1A-BA09795B66E6}"
EndProject
Project("{FAE04EC0-301F-11D3-BF4B-00C04F79EFBC}") = "EnergyMultipleTest", "EnergyMultipleTest\EnergyMultipleTest.csproj", "{7751C788-7D92-44CC-9114-D0D2C0605575}"
EndProject
Project("{FAE04EC0-301F-11D3-BF4B-00C04F79EFBC}") = "RawDataMultipleTest", "RawDataMultipleTest\RawDataMultipleTest.csproj", "{4BB41BED-F4D9-430E-B288-B6ABF8F8C026}"
EndProject
Project("{FAE04EC0-301F-11D3-BF4B-00C04F79EFBC}") = "NewEnergyMultiple", "NewEnergyMultiple\NewEnergyMultiple.csproj", "{4165628D-2B67-4F89-A5E0-F8AB2CCBD5C1}"
EndProject
Project("{FAE04EC0-301F-11D3-BF4B-00C04F79EFBC}") = "Alarm", "Alarm\Alarm.csproj", "{727B95C1-CE44-43CA-8552-766E132224EE}"
EndProject
Global
	GlobalSection(SolutionConfigurationPlatforms) = preSolution
		Debug|Any CPU = Debug|Any CPU
		Release|Any CPU = Release|Any CPU
	EndGlobalSection
	GlobalSection(ProjectConfigurationPlatforms) = postSolution
		{40DF4A3F-3019-415E-9F1A-BA09795B66E6}.Debug|Any CPU.ActiveCfg = Debug|Any CPU
		{40DF4A3F-3019-415E-9F1A-BA09795B66E6}.Debug|Any CPU.Build.0 = Debug|Any CPU
		{40DF4A3F-3019-415E-9F1A-BA09795B66E6}.Release|Any CPU.ActiveCfg = Release|Any CPU
		{40DF4A3F-3019-415E-9F1A-BA09795B66E6}.Release|Any CPU.Build.0 = Release|Any CPU
		{7751C788-7D92-44CC-9114-D0D2C0605575}.Debug|Any CPU.ActiveCfg = Debug|Any CPU
		{7751C788-7D92-44CC-9114-D0D2C0605575}.Debug|Any CPU.Build.0 = Debug|Any CPU
		{7751C788-7D92-44CC-9114-D0D2C0605575}.Release|Any CPU.ActiveCfg = Release|Any CPU
		{7751C788-7D92-44CC-9114-D0D2C0605575}.Release|Any CPU.Build.0 = Release|Any CPU
		{4BB41BED-F4D9-430E-B288-B6ABF8F8C026}.Debug|Any CPU.ActiveCfg = Debug|Any CPU
		{4BB41BED-F4D9-430E-B288-B6ABF8F8C026}.Debug|Any CPU.Build.0 = Debug|Any CPU
		{4BB41BED-F4D9-430E-B288-B6ABF8F8C026}.Release|Any CPU.ActiveCfg = Release|Any CPU
		{4BB41BED-F4D9-430E-B288-B6ABF8F8C026}.Release|Any CPU.Build.0 = Release|Any CPU
		{4165628D-2B67-4F89-A5E0-F8AB2CCBD5C1}.Debug|Any CPU.ActiveCfg = Debug|Any CPU
		{4165628D-2B67-4F89-A5E0-F8AB2CCBD5C1}.Debug|Any CPU.Build.0 = Debug|Any CPU
		{4165628D-2B67-4F89-A5E0-F8AB2CCBD5C1}.Release|Any CPU.ActiveCfg = Release|Any CPU
		{4165628D-2B67-4F89-A5E0-F8AB2CCBD5C1}.Release|Any CPU.Build.0 = Release|Any CPU
		{727B95C1-CE44-43CA-8552-766E132224EE}.Debug|Any CPU.ActiveCfg = Debug|Any CPU
		{727B95C1-CE44-43CA-8552-766E132224EE}.Debug|Any CPU.Build.0 = Debug|Any CPU
		{727B95C1-CE44-43CA-8552-766E132224EE}.Release|Any CPU.ActiveCfg = Release|Any CPU
		{727B95C1-CE44-43CA-8552-766E132224EE}.Release|Any CPU.Build.0 = Release|Any CPU
	EndGlobalSection
	GlobalSection(SolutionProperties) = preSolution
		HideSolutionNode = FALSE
	EndGlobalSection
EndGlobal
